
Microsoft Visual Studio Solution File, Format Version 12.00
# Visual Studio Version 17
VisualStudioVersion = 17.9.34902.65
MinimumVisualStudioVersion = 10.0.40219.1
Project("{9A19103F-16F7-4668-BE54-9A1E7A4F7556}") = "IvanSusaninProject", "IvanSusaninProject\IvanSusaninProject.csproj", "{41618268-11B4-4C22-8B85-E84DC2536898}"
EndProject
Project("{FAE04EC0-301F-11D3-BF4B-00C04F79EFBC}") = "IvanSusaninProject_Contracts", "IvanSusaninProject_Contracts\IvanSusaninProject_Contracts.csproj", "{75E25EAA-439D-40FC-818C-9DBDD50D9749}"
EndProject
Project("{FAE04EC0-301F-11D3-BF4B-00C04F79EFBC}") = "IvanSusaninProject_Database", "IvanSusaninProject_DataBase\IvanSusaninProject_Database.csproj", "{6AD5249E-E374-4D48-B935-3B523B850964}"
EndProject
Global
	GlobalSection(SolutionConfigurationPlatforms) = preSolution
		Debug|Any CPU = Debug|Any CPU
		Release|Any CPU = Release|Any CPU
	EndGlobalSection
	GlobalSection(ProjectConfigurationPlatforms) = postSolution
		{41618268-11B4-4C22-8B85-E84DC2536898}.Debug|Any CPU.ActiveCfg = Debug|Any CPU
		{41618268-11B4-4C22-8B85-E84DC2536898}.Debug|Any CPU.Build.0 = Debug|Any CPU
		{41618268-11B4-4C22-8B85-E84DC2536898}.Release|Any CPU.ActiveCfg = Release|Any CPU
		{41618268-11B4-4C22-8B85-E84DC2536898}.Release|Any CPU.Build.0 = Release|Any CPU
		{75E25EAA-439D-40FC-818C-9DBDD50D9749}.Debug|Any CPU.ActiveCfg = Debug|Any CPU
		{75E25EAA-439D-40FC-818C-9DBDD50D9749}.Debug|Any CPU.Build.0 = Debug|Any CPU
		{75E25EAA-439D-40FC-818C-9DBDD50D9749}.Release|Any CPU.ActiveCfg = Release|Any CPU
		{75E25EAA-439D-40FC-818C-9DBDD50D9749}.Release|Any CPU.Build.0 = Release|Any CPU
		{6AD5249E-E374-4D48-B935-3B523B850964}.Debug|Any CPU.ActiveCfg = Debug|Any CPU
		{6AD5249E-E374-4D48-B935-3B523B850964}.Debug|Any CPU.Build.0 = Debug|Any CPU
		{6AD5249E-E374-4D48-B935-3B523B850964}.Release|Any CPU.ActiveCfg = Release|Any CPU
		{6AD5249E-E374-4D48-B935-3B523B850964}.Release|Any CPU.Build.0 = Release|Any CPU
	EndGlobalSection
	GlobalSection(SolutionProperties) = preSolution
		HideSolutionNode = FALSE
	EndGlobalSection
	GlobalSection(ExtensibilityGlobals) = postSolution
		SolutionGuid = {EB4253BE-B381-44A7-894C-F0F6999A9580}
	EndGlobalSection
EndGlobal
